dependencies:
- name: ocwa-frontend
  repository: file://../../frontend/helm/ocwa-frontend
  version: 0.1.0
- name: forum-api
  repository: file://../../microservices/forumApi/helm/forum-api
  version: 0.1.0
- name: policy-api
  repository: file://../../microservices/policyApi/helm/policy-api
  version: 0.1.0
- name: request-api
  repository: file://../../microservices/requestApi/helm/request-api
  version: 0.1.0
- name: storage-api
  repository: file://../../microservices/storageApi/helm/storage-api
  version: 0.1.0
- name: validate-api
  repository: file://../../microservices/validateApi/helm/validate-api
  version: 0.1.0
digest: sha256:05672629f3801f16d9926894cf24d96c8680e04a9a4d7e55762705d0f2e37511
generated: 2018-10-09T12:23:09.257548468-07:00
